
Microsoft Visual Studio Solution File, Format Version 12.00
# Visual Studio Version 17
VisualStudioVersion = 17.9.34728.123
MinimumVisualStudioVersion = 10.0.40219.1
Project("{FAE04EC0-301F-11D3-BF4B-00C04F79EFBC}") = "WepApi", "WepApi\WepApi.csproj", "{520D8EDD-07C6-48F0-86F8-A65F27BA6240}"
EndProject
Project("{FAE04EC0-301F-11D3-BF4B-00C04F79EFBC}") = "Business", "Business\Business.csproj", "{05FF47F6-A692-4828-9059-748DBA350DF7}"
EndProject
Project("{FAE04EC0-301F-11D3-BF4B-00C04F79EFBC}") = "DataAccess", "DataAccess\DataAccess.csproj", "{C0AAF1C7-3FAA-4393-83C8-9541B018CE78}"
EndProject
Project("{FAE04EC0-301F-11D3-BF4B-00C04F79EFBC}") = "Entities", "Entities\Entities.csproj", "{CD54A423-D3FC-4AD2-87E8-E51BE2C1E861}"
EndProject
Project("{FAE04EC0-301F-11D3-BF4B-00C04F79EFBC}") = "Core", "Core\Core.csproj", "{AC2770B8-32E3-4269-9DF5-9ED4136B6969}"
EndProject
Global
	GlobalSection(SolutionConfigurationPlatforms) = preSolution
		Debug|Any CPU = Debug|Any CPU
		Release|Any CPU = Release|Any CPU
	EndGlobalSection
	GlobalSection(ProjectConfigurationPlatforms) = postSolution
		{520D8EDD-07C6-48F0-86F8-A65F27BA6240}.Debug|Any CPU.ActiveCfg = Debug|Any CPU
		{520D8EDD-07C6-48F0-86F8-A65F27BA6240}.Debug|Any CPU.Build.0 = Debug|Any CPU
		{520D8EDD-07C6-48F0-86F8-A65F27BA6240}.Release|Any CPU.ActiveCfg = Release|Any CPU
		{520D8EDD-07C6-48F0-86F8-A65F27BA6240}.Release|Any CPU.Build.0 = Release|Any CPU
		{05FF47F6-A692-4828-9059-748DBA350DF7}.Debug|Any CPU.ActiveCfg = Debug|Any CPU
		{05FF47F6-A692-4828-9059-748DBA350DF7}.Debug|Any CPU.Build.0 = Debug|Any CPU
		{05FF47F6-A692-4828-9059-748DBA350DF7}.Release|Any CPU.ActiveCfg = Release|Any CPU
		{05FF47F6-A692-4828-9059-748DBA350DF7}.Release|Any CPU.Build.0 = Release|Any CPU
		{C0AAF1C7-3FAA-4393-83C8-9541B018CE78}.Debug|Any CPU.ActiveCfg = Debug|Any CPU
		{C0AAF1C7-3FAA-4393-83C8-9541B018CE78}.Debug|Any CPU.Build.0 = Debug|Any CPU
		{C0AAF1C7-3FAA-4393-83C8-9541B018CE78}.Release|Any CPU.ActiveCfg = Release|Any CPU
		{C0AAF1C7-3FAA-4393-83C8-9541B018CE78}.Release|Any CPU.Build.0 = Release|Any CPU
		{CD54A423-D3FC-4AD2-87E8-E51BE2C1E861}.Debug|Any CPU.ActiveCfg = Debug|Any CPU
		{CD54A423-D3FC-4AD2-87E8-E51BE2C1E861}.Debug|Any CPU.Build.0 = Debug|Any CPU
		{CD54A423-D3FC-4AD2-87E8-E51BE2C1E861}.Release|Any CPU.ActiveCfg = Release|Any CPU
		{CD54A423-D3FC-4AD2-87E8-E51BE2C1E861}.Release|Any CPU.Build.0 = Release|Any CPU
		{AC2770B8-32E3-4269-9DF5-9ED4136B6969}.Debug|Any CPU.ActiveCfg = Debug|Any CPU
		{AC2770B8-32E3-4269-9DF5-9ED4136B6969}.Debug|Any CPU.Build.0 = Debug|Any CPU
		{AC2770B8-32E3-4269-9DF5-9ED4136B6969}.Release|Any CPU.ActiveCfg = Release|Any CPU
		{AC2770B8-32E3-4269-9DF5-9ED4136B6969}.Release|Any CPU.Build.0 = Release|Any CPU
	EndGlobalSection
	GlobalSection(SolutionProperties) = preSolution
		HideSolutionNode = FALSE
	EndGlobalSection
	GlobalSection(ExtensibilityGlobals) = postSolution
		SolutionGuid = {79674A2E-E10D-42C8-9CE1-78BB336A70B6}
	EndGlobalSection
EndGlobal
